
Microsoft Visual Studio Solution File, Format Version 12.00
# Visual Studio Version 17
VisualStudioVersion = 17.7.34221.43
MinimumVisualStudioVersion = 10.0.40219.1
Project("{FAE04EC0-301F-11D3-BF4B-00C04F79EFBC}") = "stack_kateassy", "stack_kateassy\stack_kateassy.csproj", "{6F693F3A-7283-4DC3-97CE-2134288CDB1F}"
EndProject
Global
	GlobalSection(SolutionConfigurationPlatforms) = preSolution
		Debug|Any CPU = Debug|Any CPU
		Release|Any CPU = Release|Any CPU
	EndGlobalSection
	GlobalSection(ProjectConfigurationPlatforms) = postSolution
		{6F693F3A-7283-4DC3-97CE-2134288CDB1F}.Debug|Any CPU.ActiveCfg = Debug|Any CPU
		{6F693F3A-7283-4DC3-97CE-2134288CDB1F}.Debug|Any CPU.Build.0 = Debug|Any CPU
		{6F693F3A-7283-4DC3-97CE-2134288CDB1F}.Release|Any CPU.ActiveCfg = Release|Any CPU
		{6F693F3A-7283-4DC3-97CE-2134288CDB1F}.Release|Any CPU.Build.0 = Release|Any CPU
	EndGlobalSection
	GlobalSection(SolutionProperties) = preSolution
		HideSolutionNode = FALSE
	EndGlobalSection
	GlobalSection(ExtensibilityGlobals) = postSolution
		SolutionGuid = {F4C26C6F-8296-4E69-960E-061A6EC4B762}
	EndGlobalSection
EndGlobal
